// !$*UTF8*$!
{
	archiveVersion = 1;
	classes = {
	};
	objectVersion = 77;
	objects = {

/* Begin PBXBuildFile section */
		BF5218AD2F853A4400877E75 /* YandexLoginSDK in Frameworks */ = {isa = PBXBuildFile; productRef = BF5218AC2F853A4400877E75 /* YandexLoginSDK */; };
		BF5218B02F85423100877E75 /* KeychainSwift in Frameworks */ = {isa = PBXBuildFile; productRef = BF5218AF2F85423100877E75 /* KeychainSwift */; };
/* End PBXBuildFile section */

/* Begin PBXContainerItemProxy section */
		BFD5EB6A2F7C10E100877F4C /* PBXContainerItemProxy */ = {
			isa = PBXContainerItemProxy;
			containerPortal = BFD5EB4F2F7C10DD00877F4C /* Project object */;
			proxyType = 1;
			remoteGlobalIDString = BFD5EB562F7C10DD00877F4C;
			remoteInfo = SplitApp;
		};
		BFD5EB742F7C10E100877F4C /* PBXContainerItemProxy */ = {
			isa = PBXContainerItemProxy;
			containerPortal = BFD5EB4F2F7C10DD00877F4C /* Project object */;
			proxyType = 1;
			remoteGlobalIDString = BFD5EB562F7C10DD00877F4C;
			remoteInfo = SplitApp;
		};
/* End PBXContainerItemProxy section */

/* Begin PBXFileReference section */
		BFD5EB572F7C10DD00877F4C /* SplitApp.app */ = {isa = PBXFileReference; explicitFileType = wrapper.application; includeInIndex = 0; path = SplitApp.app; sourceTree = BUILT_PRODUCTS_DIR; };
		BFD5EB692F7C10E100877F4C /* SplitAppTests.xctest */ = {isa = PBXFileReference; explicitFileType = wrapper.cfbundle; includeInIndex = 0; path = SplitAppTests.xctest; sourceTree = BUILT_PRODUCTS_DIR; };
		BFD5EB732F7C10E100877F4C /* SplitAppUITests.xctest */ = {isa = PBXFileReference; explicitFileType = wrapper.cfbundle; includeInIndex = 0; path = SplitAppUITests.xctest; sourceTree = BUILT_PRODUCTS_DIR; };
/* End PBXFileReference section */

/* Begin PBXFileSystemSynchronizedBuildFileExceptionSet section */
		BF5217D22F852E5F00877E75 /* Exceptions for "SplitApp" folder in "SplitApp" target */ = {
			isa = PBXFileSystemSynchronizedBuildFileExceptionSet;
			membershipExceptions = (
				Info.plist,
			);
			target = BFD5EB562F7C10DD00877F4C /* SplitApp */;
		};
/* End PBXFileSystemSynchronizedBuildFileExceptionSet section */

/* Begin PBXFileSystemSynchronizedRootGroup section */
		BFD5EB592F7C10DD00877F4C /* SplitApp */ = {
			isa = PBXFileSystemSynchronizedRootGroup;
			exceptions = (
				BF5217D22F852E5F00877E75 /* Exceptions for "SplitApp" folder in "SplitApp" target */,
			);
			path = SplitApp;
			sourceTree = "<group>";
		};
		BFD5EB6C2F7C10E100877F4C /* SplitAppTests */ = {
			isa = PBXFileSystemSynchronizedRootGroup;
			path = SplitAppTests;
			sourceTree = "<group>";
		};
		BFD5EB762F7C10E100877F4C /* SplitAppUITests */ = {
			isa = PBXFileSystemSynchronizedRootGroup;
			path = SplitAppUITests;
			sourceTree = "<group>";
		};
/* End PBXFileSystemSynchronizedRootGroup section */

/* Begin PBXFrameworksBuildPhase section */
		BFD5EB542F7C10DD00877F4C /* Frameworks */ = {
			isa = PBXFrameworksBuildPhase;
			buildActionMask = 2147483647;
			files = (
				BF5218B02F85423100877E75 /* KeychainSwift in Frameworks */,
				BF5218AD2F853A4400877E75 /* YandexLoginSDK in Frameworks */,
			);
			runOnlyForDeploymentPostprocessing = 0;
		};
		BFD5EB662F7C10E100877F4C /* Frameworks */ = {
			isa = PBXFrameworksBuildPhase;
			buildActionMask = 2147483647;
			files = (
			);
			runOnlyForDeploymentPostprocessing = 0;
		};
		BFD5EB702F7C10E100877F4C /* Frameworks */ = {
			isa = PBXFrameworksBuildPhase;
			buildActionMask = 2147483647;
			files = (
			);
			runOnlyForDeploymentPostprocessing = 0;
		};
/* End PBXFrameworksBuildPhase section */

/* Begin PBXGroup section */
		BF5218AB2F853A4400877E75 /* Frameworks */ = {
			isa = PBXGroup;
			children = (
			);
			name = Frameworks;
			sourceTree = "<group>";
		};
		BFD5EB4E2F7C10DD00877F4C = {
			isa = PBXGroup;
			children = (
				BFD5EB592F7C10DD00877F4C /* SplitApp */,
				BFD5EB6C2F7C10E100877F4C /* SplitAppTests */,
				BFD5EB762F7C10E100877F4C /* SplitAppUITests */,
				BF5218AB2F853A4400877E75 /* Frameworks */,
				BFD5EB582F7C10DD00877F4C /* Products */,
			);
			sourceTree = "<group>";
		};
		BFD5EB582F7C10DD00877F4C /* Products */ = {
			isa = PBXGroup;
			children = (
				BFD5EB572F7C10DD00877F4C /* SplitApp.app */,
				BFD5EB692F7C10E100877F4C /* SplitAppTests.xctest */,
				BFD5EB732F7C10E100877F4C /* SplitAppUITests.xctest */,
			);
			name = Products;
			sourceTree = "<group>";
		};
/* End PBXGroup section */

/* Begin PBXNativeTarget section */
		BFD5EB562F7C10DD00877F4C /* SplitApp */ = {
			isa = PBXNativeTarget;
			buildConfigurationList = BFD5EB7D2F7C10E100877F4C /* Build configuration list for PBXNativeTarget "SplitApp" */;
			buildPhases = (
				492CBB0B2F884B2F00F78E1D /* SwiftFormat */,
				BFD5EB532F7C10DD00877F4C /* Sources */,
				BFD5EB542F7C10DD00877F4C /* Frameworks */,
				BFD5EB552F7C10DD00877F4C /* Resources */,
			);
			buildRules = (
			);
			dependencies = (
			);
			fileSystemSynchronizedGroups = (
				BFD5EB592F7C10DD00877F4C /* SplitApp */,
			);
			name = SplitApp;
			packageProductDependencies = (
				BF5218AC2F853A4400877E75 /* YandexLoginSDK */,
				BF5218AF2F85423100877E75 /* KeychainSwift */,
			);
			productName = SplitApp;
			productReference = BFD5EB572F7C10DD00877F4C /* SplitApp.app */;
			productType = "com.apple.product-type.application";
		};
		BFD5EB682F7C10E100877F4C /* SplitAppTests */ = {
			isa = PBXNativeTarget;
			buildConfigurationList = BFD5EB802F7C10E100877F4C /* Build configuration list for PBXNativeTarget "SplitAppTests" */;
			buildPhases = (
				BFD5EB652F7C10E100877F4C /* Sources */,
				BFD5EB662F7C10E100877F4C /* Frameworks */,
				BFD5EB672F7C10E100877F4C /* Resources */,
			);
			buildRules = (
			);
			dependencies = (
				BFD5EB6B2F7C10E100877F4C /* PBXTargetDependency */,
			);
			fileSystemSynchronizedGroups = (
				BFD5EB6C2F7C10E100877F4C /* SplitAppTests */,
			);
			name = SplitAppTests;
			packageProductDependencies = (
			);
			productName = SplitAppTests;
			productReference = BFD5EB692F7C10E100877F4C /* SplitAppTests.xctest */;
			productType = "com.apple.product-type.bundle.unit-test";
		};
		BFD5EB722F7C10E100877F4C /* SplitAppUITests */ = {
			isa = PBXNativeTarget;
			buildConfigurationList = BFD5EB832F7C10E100877F4C /* Build configuration list for PBXNativeTarget "SplitAppUITests" */;
			buildPhases = (
				BFD5EB6F2F7C10E100877F4C /* Sources */,
				BFD5EB702F7C10E100877F4C /* Frameworks */,
				BFD5EB712F7C10E100877F4C /* Resources */,
			);
			buildRules = (
			);
			dependencies = (
				BFD5EB752F7C10E100877F4C /* PBXTargetDependency */,
			);
			fileSystemSynchronizedGroups = (
				BFD5EB762F7C10E100877F4C /* SplitAppUITests */,
			);
			name = SplitAppUITests;
			packageProductDependencies = (
			);
			productName = SplitAppUITests;
			productReference = BFD5EB732F7C10E100877F4C /* SplitAppUITests.xctest */;
			productType = "com.apple.product-type.bundle.ui-testing";
		};
/* End PBXNativeTarget section */

/* Begin PBXProject section */
		BFD5EB4F2F7C10DD00877F4C /* Project object */ = {
			isa = PBXProject;
			attributes = {
				BuildIndependentTargetsInParallel = 1;
				LastSwiftUpdateCheck = 2620;
				LastUpgradeCheck = 2640;
				TargetAttributes = {
					BFD5EB562F7C10DD00877F4C = {
						CreatedOnToolsVersion = 26.2;
					};
					BFD5EB682F7C10E100877F4C = {
						CreatedOnToolsVersion = 26.2;
						TestTargetID = BFD5EB562F7C10DD00877F4C;
					};
					BFD5EB722F7C10E100877F4C = {
						CreatedOnToolsVersion = 26.2;
						TestTargetID = BFD5EB562F7C10DD00877F4C;
					};
				};
			};
			buildConfigurationList = BFD5EB522F7C10DD00877F4C /* Build configuration list for PBXProject "SplitApp" */;
			developmentRegion = en;
			hasScannedForEncodings = 0;
			knownRegions = (
				en,
				Base,
			);
			mainGroup = BFD5EB4E2F7C10DD00877F4C;
			minimizedProjectReferenceProxies = 1;
			packageReferences = (
				BF5217D32F852F2100877E75 /* XCRemoteSwiftPackageReference "yandex-login-sdk-ios" */,
				BF5218AE2F85423100877E75 /* XCRemoteSwiftPackageReference "keychain-swift" */,
			);
			preferredProjectObjectVersion = 77;
			productRefGroup = BFD5EB582F7C10DD00877F4C /* Products */;
			projectDirPath = "";
			projectRoot = "";
			targets = (
				BFD5EB562F7C10DD00877F4C /* SplitApp */,
				BFD5EB682F7C10E100877F4C /* SplitAppTests */,
				BFD5EB722F7C10E100877F4C /* SplitAppUITests */,
			);
		};
/* End PBXProject section */

/* Begin PBXResourcesBuildPhase section */
		BFD5EB552F7C10DD00877F4C /* Resources */ = {
			isa = PBXResourcesBuildPhase;
			buildActionMask = 2147483647;
			files = (
			);
			runOnlyForDeploymentPostprocessing = 0;
		};
		BFD5EB672F7C10E100877F4C /* Resources */ = {
			isa = PBXResourcesBuildPhase;
			buildActionMask = 2147483647;
			files = (
			);
			runOnlyForDeploymentPostprocessing = 0;
		};
		BFD5EB712F7C10E100877F4C /* Resources */ = {
			isa = PBXResourcesBuildPhase;
			buildActionMask = 2147483647;
			files = (
			);
			runOnlyForDeploymentPostprocessing = 0;
		};
/* End PBXResourcesBuildPhase section */

/* Begin PBXShellScriptBuildPhase section */
		492CBB0B2F884B2F00F78E1D /* SwiftFormat */ = {
			isa = PBXShellScriptBuildPhase;
			buildActionMask = 2147483647;
			files = (
			);
			inputFileListPaths = (
			);
			inputPaths = (
			);
			name = SwiftFormat;
			outputFileListPaths = (
			);
			outputPaths = (
			);
			runOnlyForDeploymentPostprocessing = 0;
			shellPath = /bin/sh;
			shellScript = "if [ \"$CI\" = \"true\" ] || [ \"$CI\" = \"1\" ]; then\n  echo \"SwiftFormat skipped on CI\"\n  exit 0\nfi\n\nif [ \"$ENABLE_USER_SCRIPT_SANDBOXING\" = \"YES\" ]; then\n  echo \"warning: SwiftFormat skipped because ENABLE_USER_SCRIPT_SANDBOXING=YES\"\n  exit 0\nfi\n\nif which swiftformat > /dev/null; then\n  swiftformat \"$SRCROOT\"\nelse\n  echo \"warning: SwiftFormat not installed. Run 'brew install swiftformat'\"\nfi\n";
		};
/* End PBXShellScriptBuildPhase section */

/* Begin PBXSourcesBuildPhase section */
		BFD5EB532F7C10DD00877F4C /* Sources */ = {
			isa = PBXSourcesBuildPhase;
			buildActionMask = 2147483647;
			files = (
			);
			runOnlyForDeploymentPostprocessing = 0;
		};
		BFD5EB652F7C10E100877F4C /* Sources */ = {
			isa = PBXSourcesBuildPhase;
			buildActionMask = 2147483647;
			files = (
			);
			runOnlyForDeploymentPostprocessing = 0;
		};
		BFD5EB6F2F7C10E100877F4C /* Sources */ = {
			isa = PBXSourcesBuildPhase;
			buildActionMask = 2147483647;
			files = (
			);
			runOnlyForDeploymentPostprocessing = 0;
		};
/* End PBXSourcesBuildPhase section */

/* Begin PBXTargetDependency section */
		BFD5EB6B2F7C10E100877F4C /* PBXTargetDependency */ = {
			isa = PBXTargetDependency;
			target = BFD5EB562F7C10DD00877F4C /* SplitApp */;
			targetProxy = BFD5EB6A2F7C10E100877F4C /* PBXContainerItemProxy */;
		};
		BFD5EB752F7C10E100877F4C /* PBXTargetDependency */ = {
			isa = PBXTargetDependency;
			target = BFD5EB562F7C10DD00877F4C /* SplitApp */;
			targetProxy = BFD5EB742F7C10E100877F4C /* PBXContainerItemProxy */;
		};
/* End PBXTargetDependency section */

/* Begin XCBuildConfiguration section */
		BFD5EB7B2F7C10E100877F4C /* Debug */ = {
			isa = XCBuildConfiguration;
			buildSettings = {
				ALWAYS_SEARCH_USER_PATHS = NO;
				ASSETCATALOG_COMPILER_GENERATE_SWIFT_ASSET_SYMBOL_EXTENSIONS = YES;
				CLANG_ANALYZER_NONNULL = YES;
				CLANG_ANALYZER_NUMBER_OBJECT_CONVERSION = YES_AGGRESSIVE;
				CLANG_CXX_LANGUAGE_STANDARD = "gnu++20";
				CLANG_ENABLE_MODULES = YES;
				CLANG_ENABLE_OBJC_ARC = YES;
				CLANG_ENABLE_OBJC_WEAK = YES;
				CLANG_WARN_BLOCK_CAPTURE_AUTORELEASING = YES;
				CLANG_WARN_BOOL_CONVERSION = YES;
				CLANG_WARN_COMMA = YES;
				CLANG_WARN_CONSTANT_CONVERSION = YES;
				CLANG_WARN_DEPRECATED_OBJC_IMPLEMENTATIONS = YES;
				CLANG_WARN_DIRECT_OBJC_ISA_USAGE = YES_ERROR;
				CLANG_WARN_DOCUMENTATION_COMMENTS = YES;
				CLANG_WARN_EMPTY_BODY = YES;
				CLANG_WARN_ENUM_CONVERSION = YES;
				CLANG_WARN_INFINITE_RECURSION = YES;
				CLANG_WARN_INT_CONVERSION = YES;
				CLANG_WARN_NON_LITERAL_NULL_CONVERSION = YES;
				CLANG_WARN_OBJC_IMPLICIT_RETAIN_SELF = YES;
				CLANG_WARN_OBJC_LITERAL_CONVERSION = YES;
				CLANG_WARN_OBJC_ROOT_CLASS = YES_ERROR;
				CLANG_WARN_QUOTED_INCLUDE_IN_FRAMEWORK_HEADER = YES;
				CLANG_WARN_RANGE_LOOP_ANALYSIS = YES;
				CLANG_WARN_STRICT_PROTOTYPES = YES;
				CLANG_WARN_SUSPICIOUS_MOVE = YES;
				CLANG_WARN_UNGUARDED_AVAILABILITY = YES_AGGRESSIVE;
				CLANG_WARN_UNREACHABLE_CODE = YES;
				CLANG_WARN__DUPLICATE_METHOD_MATCH = YES;
				COPY_PHASE_STRIP = NO;
				DEBUG_INFORMATION_FORMAT = dwarf;
				ENABLE_STRICT_OBJC_MSGSEND = YES;
				ENABLE_TESTABILITY = YES;
				ENABLE_USER_SCRIPT_SANDBOXING = YES;
				GCC_C_LANGUAGE_STANDARD = gnu17;
				GCC_DYNAMIC_NO_PIC = NO;
				GCC_NO_COMMON_BLOCKS = YES;
				GCC_OPTIMIZATION_LEVEL = 0;
				GCC_PREPROCESSOR_DEFINITIONS = (
					"DEBUG=1",
					"$(inherited)",
				);
				GCC_WARN_64_TO_32_BIT_CONVERSION = YES;
				GCC_WARN_ABOUT_RETURN_TYPE = YES_ERROR;
				GCC_WARN_UNDECLARED_SELECTOR = YES;
				GCC_WARN_UNINITIALIZED_AUTOS = YES_AGGRESSIVE;
				GCC_WARN_UNUSED_FUNCTION = YES;
				GCC_WARN_UNUSED_VARIABLE = YES;
				IPHONEOS_DEPLOYMENT_TARGET = 26.2;
				LOCALIZATION_PREFERS_STRING_CATALOGS = YES;
				MTL_ENABLE_DEBUG_INFO = INCLUDE_SOURCE;
				MTL_FAST_MATH = YES;
				ONLY_ACTIVE_ARCH = YES;
				SDKROOT = iphoneos;
				STRING_CATALOG_GENERATE_SYMBOLS = YES;
				SWIFT_ACTIVE_COMPILATION_CONDITIONS = "DEBUG $(inherited)";
				SWIFT_OPTIMIZATION_LEVEL = "-Onone";
			};
			name = Debug;
		};
		BFD5EB7C2F7C10E100877F4C /* Release */ = {
			isa = XCBuildConfiguration;
			buildSettings = {
				ALWAYS_SEARCH_USER_PATHS = NO;
				ASSETCATALOG_COMPILER_GENERATE_SWIFT_ASSET_SYMBOL_EXTENSIONS = YES;
				CLANG_ANALYZER_NONNULL = YES;
				CLANG_ANALYZER_NUMBER_OBJECT_CONVERSION = YES_AGGRESSIVE;
				CLANG_CXX_LANGUAGE_STANDARD = "gnu++20";
				CLANG_ENABLE_MODULES = YES;
				CLANG_ENABLE_OBJC_ARC = YES;
				CLANG_ENABLE_OBJC_WEAK = YES;
				CLANG_WARN_BLOCK_CAPTURE_AUTORELEASING = YES;
				CLANG_WARN_BOOL_CONVERSION = YES;
				CLANG_WARN_COMMA = YES;
				CLANG_WARN_CONSTANT_CONVERSION = YES;
				CLANG_WARN_DEPRECATED_OBJC_IMPLEMENTATIONS = YES;
				CLANG_WARN_DIRECT_OBJC_ISA_USAGE = YES_ERROR;
				CLANG_WARN_DOCUMENTATION_COMMENTS = YES;
				CLANG_WARN_EMPTY_BODY = YES;
				CLANG_WARN_ENUM_CONVERSION = YES;
				CLANG_WARN_INFINITE_RECURSION = YES;
				CLANG_WARN_INT_CONVERSION = YES;
				CLANG_WARN_NON_LITERAL_NULL_CONVERSION = YES;
				CLANG_WARN_OBJC_IMPLICIT_RETAIN_SELF = YES;
				CLANG_WARN_OBJC_LITERAL_CONVERSION = YES;
				CLANG_WARN_OBJC_ROOT_CLASS = YES_ERROR;
				CLANG_WARN_QUOTED_INCLUDE_IN_FRAMEWORK_HEADER = YES;
				CLANG_WARN_RANGE_LOOP_ANALYSIS = YES;
				CLANG_WARN_STRICT_PROTOTYPES = YES;
				CLANG_WARN_SUSPICIOUS_MOVE = YES;
				CLANG_WARN_UNGUARDED_AVAILABILITY = YES_AGGRESSIVE;
				CLANG_WARN_UNREACHABLE_CODE = YES;
				CLANG_WARN__DUPLICATE_METHOD_MATCH = YES;
				COPY_PHASE_STRIP = NO;
				DEBUG_INFORMATION_FORMAT = "dwarf-with-dsym";
				ENABLE_NS_ASSERTIONS = NO;
				ENABLE_STRICT_OBJC_MSGSEND = YES;
				ENABLE_USER_SCRIPT_SANDBOXING = YES;
				GCC_C_LANGUAGE_STANDARD = gnu17;
				GCC_NO_COMMON_BLOCKS = YES;
				GCC_WARN_64_TO_32_BIT_CONVERSION = YES;
				GCC_WARN_ABOUT_RETURN_TYPE = YES_ERROR;
				GCC_WARN_UNDECLARED_SELECTOR = YES;
				GCC_WARN_UNINITIALIZED_AUTOS = YES_AGGRESSIVE;
				GCC_WARN_UNUSED_FUNCTION = YES;
				GCC_WARN_UNUSED_VARIABLE = YES;
				IPHONEOS_DEPLOYMENT_TARGET = 26.2;
				LOCALIZATION_PREFERS_STRING_CATALOGS = YES;
				MTL_ENABLE_DEBUG_INFO = NO;
				MTL_FAST_MATH = YES;
				SDKROOT = iphoneos;
				STRING_CATALOG_GENERATE_SYMBOLS = YES;
				SWIFT_COMPILATION_MODE = wholemodule;
				VALIDATE_PRODUCT = YES;
			};
			name = Release;
		};
		BFD5EB7E2F7C10E100877F4C /* Debug */ = {
			isa = XCBuildConfiguration;
			buildSettings = {
				ASSETCATALOG_COMPILER_APPICON_NAME = AppIcon;
				ASSETCATALOG_COMPILER_GLOBAL_ACCENT_COLOR_NAME = AccentColor;
				CODE_SIGN_ALLOW_ENTITLEMENTS_MODIFICATION = YES;
				CODE_SIGN_ENTITLEMENTS = SplitApp/SplitApp.entitlements;
				CODE_SIGN_IDENTITY = "Apple Development";
				"CODE_SIGN_IDENTITY[sdk=iphoneos*]" = "iPhone Developer";
				CODE_SIGN_STYLE = Manual;
				CURRENT_PROJECT_VERSION = 1;
				DEVELOPMENT_TEAM = "";
				"DEVELOPMENT_TEAM[sdk=iphoneos*]" = S23K6FZZPL;
				ENABLE_PREVIEWS = YES;
				GENERATE_INFOPLIST_FILE = YES;
				INFOPLIST_FILE = SplitApp/Info.plist;
				INFOPLIST_KEY_NSCameraUsageDescription = "Используется для сканирования чеков";
				INFOPLIST_KEY_NSPhotoLibraryUsageDescription = "Используется для выбора фото чека из галереи";
				INFOPLIST_KEY_UIApplicationSceneManifest_Generation = YES;
				INFOPLIST_KEY_UIApplicationSupportsIndirectInputEvents = YES;
				INFOPLIST_KEY_UILaunchScreen_Generation = YES;
				INFOPLIST_KEY_UISupportedInterfaceOrientations_iPad = "UIInterfaceOrientationPortrait UIInterfaceOrientationPortraitUpsideDown UIInterfaceOrientationLandscapeLeft UIInterfaceOrientationLandscapeRight";
				INFOPLIST_KEY_UISupportedInterfaceOrientations_iPhone = "UIInterfaceOrientationPortrait UIInterfaceOrientationLandscapeLeft UIInterfaceOrientationLandscapeRight";
				IPHONEOS_DEPLOYMENT_TARGET = 18.6;
				LD_RUNPATH_SEARCH_PATHS = (
					"$(inherited)",
					"@executable_path/Frameworks",
				);
				MARKETING_VERSION = 1.0;
				PRODUCT_BUNDLE_IDENTIFIER = tech.splitapp;
				PRODUCT_NAME = "$(TARGET_NAME)";
				PROVISIONING_PROFILE_SPECIFIER = "";
				"PROVISIONING_PROFILE_SPECIFIER[sdk=iphoneos*]" = SplitApp;
				STRING_CATALOG_GENERATE_SYMBOLS = YES;
				SWIFT_APPROACHABLE_CONCURRENCY = YES;
				SWIFT_DEFAULT_ACTOR_ISOLATION = MainActor;
				SWIFT_EMIT_LOC_STRINGS = YES;
				SWIFT_UPCOMING_FEATURE_MEMBER_IMPORT_VISIBILITY = YES;
				SWIFT_VERSION = 5.0;
				TARGETED_DEVICE_FAMILY = "1,2";
			};
			name = Debug;
		};
		BFD5EB7F2F7C10E100877F4C /* Release */ = {
			isa = XCBuildConfiguration;
			buildSettings = {
				ASSETCATALOG_COMPILER_APPICON_NAME = AppIcon;
				ASSETCATALOG_COMPILER_GLOBAL_ACCENT_COLOR_NAME = AccentColor;
				CODE_SIGN_ALLOW_ENTITLEMENTS_MODIFICATION = YES;
				CODE_SIGN_ENTITLEMENTS = SplitApp/SplitApp.entitlements;
				CODE_SIGN_IDENTITY = "Apple Development";
				"CODE_SIGN_IDENTITY[sdk=iphoneos*]" = "iPhone Developer";
				CODE_SIGN_STYLE = Manual;
				CURRENT_PROJECT_VERSION = 1;
				DEVELOPMENT_TEAM = "";
				"DEVELOPMENT_TEAM[sdk=iphoneos*]" = S23K6FZZPL;
				ENABLE_PREVIEWS = YES;
				GENERATE_INFOPLIST_FILE = YES;
				INFOPLIST_FILE = SplitApp/Info.plist;
				INFOPLIST_KEY_NSCameraUsageDescription = "Используется для сканирования чеков";
				INFOPLIST_KEY_NSPhotoLibraryUsageDescription = "Используется для выбора фото чека из галереи";
				INFOPLIST_KEY_UIApplicationSceneManifest_Generation = YES;
				INFOPLIST_KEY_UIApplicationSupportsIndirectInputEvents = YES;
				INFOPLIST_KEY_UILaunchScreen_Generation = YES;
				INFOPLIST_KEY_UISupportedInterfaceOrientations_iPad = "UIInterfaceOrientationPortrait UIInterfaceOrientationPortraitUpsideDown UIInterfaceOrientationLandscapeLeft UIInterfaceOrientationLandscapeRight";
				INFOPLIST_KEY_UISupportedInterfaceOrientations_iPhone = "UIInterfaceOrientationPortrait UIInterfaceOrientationLandscapeLeft UIInterfaceOrientationLandscapeRight";
				IPHONEOS_DEPLOYMENT_TARGET = 18.6;
				LD_RUNPATH_SEARCH_PATHS = (
					"$(inherited)",
					"@executable_path/Frameworks",
				);
				MARKETING_VERSION = 1.0;
				PRODUCT_BUNDLE_IDENTIFIER = tech.splitapp;
				PRODUCT_NAME = "$(TARGET_NAME)";
				PROVISIONING_PROFILE_SPECIFIER = "";
				"PROVISIONING_PROFILE_SPECIFIER[sdk=iphoneos*]" = SplitApp;
				STRING_CATALOG_GENERATE_SYMBOLS = YES;
				SWIFT_APPROACHABLE_CONCURRENCY = YES;
				SWIFT_DEFAULT_ACTOR_ISOLATION = MainActor;
				SWIFT_EMIT_LOC_STRINGS = YES;
				SWIFT_UPCOMING_FEATURE_MEMBER_IMPORT_VISIBILITY = YES;
				SWIFT_VERSION = 5.0;
				TARGETED_DEVICE_FAMILY = "1,2";
			};
			name = Release;
		};
		BFD5EB812F7C10E100877F4C /* Debug */ = {
			isa = XCBuildConfiguration;
			buildSettings = {
				BUNDLE_LOADER = "$(TEST_HOST)";
				CODE_SIGN_STYLE = Automatic;
				CURRENT_PROJECT_VERSION = 1;
				GENERATE_INFOPLIST_FILE = YES;
				IPHONEOS_DEPLOYMENT_TARGET = 26.2;
				MARKETING_VERSION = 1.0;
				PRODUCT_BUNDLE_IDENTIFIER = dorina.valentuna.SplitAppTests;
				PRODUCT_NAME = "$(TARGET_NAME)";
				STRING_CATALOG_GENERATE_SYMBOLS = NO;
				SWIFT_APPROACHABLE_CONCURRENCY = YES;
				SWIFT_EMIT_LOC_STRINGS = NO;
				SWIFT_UPCOMING_FEATURE_MEMBER_IMPORT_VISIBILITY = YES;
				SWIFT_VERSION = 5.0;
				TARGETED_DEVICE_FAMILY = "1,2";
				TEST_HOST = "$(BUILT_PRODUCTS_DIR)/SplitApp.app/$(BUNDLE_EXECUTABLE_FOLDER_PATH)/SplitApp";
			};
			name = Debug;
		};
		BFD5EB822F7C10E100877F4C /* Release */ = {
			isa = XCBuildConfiguration;
			buildSettings = {
				BUNDLE_LOADER = "$(TEST_HOST)";
				CODE_SIGN_STYLE = Automatic;
				CURRENT_PROJECT_VERSION = 1;
				GENERATE_INFOPLIST_FILE = YES;
				IPHONEOS_DEPLOYMENT_TARGET = 26.2;
				MARKETING_VERSION = 1.0;
				PRODUCT_BUNDLE_IDENTIFIER = dorina.valentuna.SplitAppTests;
				PRODUCT_NAME = "$(TARGET_NAME)";
				STRING_CATALOG_GENERATE_SYMBOLS = NO;
				SWIFT_APPROACHABLE_CONCURRENCY = YES;
				SWIFT_EMIT_LOC_STRINGS = NO;
				SWIFT_UPCOMING_FEATURE_MEMBER_IMPORT_VISIBILITY = YES;
				SWIFT_VERSION = 5.0;
				TARGETED_DEVICE_FAMILY = "1,2";
				TEST_HOST = "$(BUILT_PRODUCTS_DIR)/SplitApp.app/$(BUNDLE_EXECUTABLE_FOLDER_PATH)/SplitApp";
			};
			name = Release;
		};
		BFD5EB842F7C10E100877F4C /* Debug */ = {
			isa = XCBuildConfiguration;
			buildSettings = {
				CODE_SIGN_STYLE = Automatic;
				CURRENT_PROJECT_VERSION = 1;
				GENERATE_INFOPLIST_FILE = YES;
				MARKETING_VERSION = 1.0;
				PRODUCT_BUNDLE_IDENTIFIER = dorina.valentuna.SplitAppUITests;
				PRODUCT_NAME = "$(TARGET_NAME)";
				STRING_CATALOG_GENERATE_SYMBOLS = NO;
				SWIFT_APPROACHABLE_CONCURRENCY = YES;
				SWIFT_EMIT_LOC_STRINGS = NO;
				SWIFT_UPCOMING_FEATURE_MEMBER_IMPORT_VISIBILITY = YES;
				SWIFT_VERSION = 5.0;
				TARGETED_DEVICE_FAMILY = "1,2";
				TEST_TARGET_NAME = SplitApp;
			};
			name = Debug;
		};
		BFD5EB852F7C10E100877F4C /* Release */ = {
			isa = XCBuildConfiguration;
			buildSettings = {
				CODE_SIGN_STYLE = Automatic;
				CURRENT_PROJECT_VERSION = 1;
				GENERATE_INFOPLIST_FILE = YES;
				MARKETING_VERSION = 1.0;
				PRODUCT_BUNDLE_IDENTIFIER = dorina.valentuna.SplitAppUITests;
				PRODUCT_NAME = "$(TARGET_NAME)";
				STRING_CATALOG_GENERATE_SYMBOLS = NO;
				SWIFT_APPROACHABLE_CONCURRENCY = YES;
				SWIFT_EMIT_LOC_STRINGS = NO;
				SWIFT_UPCOMING_FEATURE_MEMBER_IMPORT_VISIBILITY = YES;
				SWIFT_VERSION = 5.0;
				TARGETED_DEVICE_FAMILY = "1,2";
				TEST_TARGET_NAME = SplitApp;
			};
			name = Release;
		};
/* End XCBuildConfiguration section */

/* Begin XCConfigurationList section */
		BFD5EB522F7C10DD00877F4C /* Build configuration list for PBXProject "SplitApp" */ = {
			isa = XCConfigurationList;
			buildConfigurations = (
				BFD5EB7B2F7C10E100877F4C /* Debug */,
				BFD5EB7C2F7C10E100877F4C /* Release */,
			);
			defaultConfigurationIsVisible = 0;
			defaultConfigurationName = Release;
		};
		BFD5EB7D2F7C10E100877F4C /* Build configuration list for PBXNativeTarget "SplitApp" */ = {
			isa = XCConfigurationList;
			buildConfigurations = (
				BFD5EB7E2F7C10E100877F4C /* Debug */,
				BFD5EB7F2F7C10E100877F4C /* Release */,
			);
			defaultConfigurationIsVisible = 0;
			defaultConfigurationName = Release;
		};
		BFD5EB802F7C10E100877F4C /* Build configuration list for PBXNativeTarget "SplitAppTests" */ = {
			isa = XCConfigurationList;
			buildConfigurations = (
				BFD5EB812F7C10E100877F4C /* Debug */,
				BFD5EB822F7C10E100877F4C /* Release */,
			);
			defaultConfigurationIsVisible = 0;
			defaultConfigurationName = Release;
		};
		BFD5EB832F7C10E100877F4C /* Build configuration list for PBXNativeTarget "SplitAppUITests" */ = {
			isa = XCConfigurationList;
			buildConfigurations = (
				BFD5EB842F7C10E100877F4C /* Debug */,
				BFD5EB852F7C10E100877F4C /* Release */,
			);
			defaultConfigurationIsVisible = 0;
			defaultConfigurationName = Release;
		};
/* End XCConfigurationList section */

/* Begin XCRemoteSwiftPackageReference section */
		BF5217D32F852F2100877E75 /* XCRemoteSwiftPackageReference "yandex-login-sdk-ios" */ = {
			isa = XCRemoteSwiftPackageReference;
			repositoryURL = "https://github.com/yandexmobile/yandex-login-sdk-ios.git";
			requirement = {
				kind = upToNextMajorVersion;
				minimumVersion = 3.1.0;
			};
		};
		BF5218AE2F85423100877E75 /* XCRemoteSwiftPackageReference "keychain-swift" */ = {
			isa = XCRemoteSwiftPackageReference;
			repositoryURL = "https://github.com/evgenyneu/keychain-swift.git";
			requirement = {
				kind = upToNextMajorVersion;
				minimumVersion = 24.0.0;
			};
		};
/* End XCRemoteSwiftPackageReference section */

/* Begin XCSwiftPackageProductDependency section */
		BF5218AC2F853A4400877E75 /* YandexLoginSDK */ = {
			isa = XCSwiftPackageProductDependency;
			package = BF5217D32F852F2100877E75 /* XCRemoteSwiftPackageReference "yandex-login-sdk-ios" */;
			productName = YandexLoginSDK;
		};
		BF5218AF2F85423100877E75 /* KeychainSwift */ = {
			isa = XCSwiftPackageProductDependency;
			package = BF5218AE2F85423100877E75 /* XCRemoteSwiftPackageReference "keychain-swift" */;
			productName = KeychainSwift;
		};
/* End XCSwiftPackageProductDependency section */
	};
	rootObject = BFD5EB4F2F7C10DD00877F4C /* Project object */;
}
